# THIS IS AN AUTOGENERATED FILE. DO NOT EDIT THIS FILE DIRECTLY.
# yarn lockfile v1


"@react-spring/animated@~9.7.3":
  version "9.7.3"
  resolved "https://registry.yarnpkg.com/@react-spring/animated/-/animated-9.7.3.tgz#4211b1a6d48da0ff474a125e93c0f460ff816e0f"
  integrity sha512-5CWeNJt9pNgyvuSzQH+uy2pvTg8Y4/OisoscZIR8/ZNLIOI+CatFBhGZpDGTF/OzdNFsAoGk3wiUYTwoJ0YIvw==
  dependencies:
    "@react-spring/shared" "~9.7.3"
    "@react-spring/types" "~9.7.3"

"@react-spring/core@~9.7.3":
  version "9.7.3"
  resolved "https://registry.yarnpkg.com/@react-spring/core/-/core-9.7.3.tgz#60056bcb397f2c4f371c6c9a5f882db77ae90095"
  integrity sha512-IqFdPVf3ZOC1Cx7+M0cXf4odNLxDC+n7IN3MDcVCTIOSBfqEcBebSv+vlY5AhM0zw05PDbjKrNmBpzv/AqpjnQ==
  dependencies:
    "@react-spring/animated" "~9.7.3"
    "@react-spring/shared" "~9.7.3"
    "@react-spring/types" "~9.7.3"

"@react-spring/konva@~9.7.3":
  version "9.7.3"
  resolved "https://registry.yarnpkg.com/@react-spring/konva/-/konva-9.7.3.tgz#16bd29dd4860a99e960a72987c8bcfc828b22119"
  integrity sha512-R9sY6SiPGYqz1383P5qppg5z57YfChVknOC1UxxaGxpw+WiZa8fZ4zmZobslrw+os3/+HAXZv8O+EvU/nQpf7g==
  dependencies:
    "@react-spring/animated" "~9.7.3"
    "@react-spring/core" "~9.7.3"
    "@react-spring/shared" "~9.7.3"
    "@react-spring/types" "~9.7.3"

"@react-spring/native@~9.7.3":
  version "9.7.3"
  resolved "https://registry.yarnpkg.com/@react-spring/native/-/native-9.7.3.tgz#ee38d7c23482cfb4916c9b3c021de2995a4f553a"
  integrity sha512-4mpxX3FuEBCUT6ae2fjhxcJW6bhr2FBwFf274eXB7n+U30Gdg8Wo2qYwcUnmiAA0S3dvP8vLTazx3+CYWFShnA==
  dependencies:
    "@react-spring/animated" "~9.7.3"
    "@react-spring/core" "~9.7.3"
    "@react-spring/shared" "~9.7.3"
    "@react-spring/types" "~9.7.3"

"@react-spring/shared@~9.7.3":
  version "9.7.3"
  resolved "https://registry.yarnpkg.com/@react-spring/shared/-/shared-9.7.3.tgz#4cf29797847c689912aec4e62e34c99a4d5d9e53"
  integrity sha512-NEopD+9S5xYyQ0pGtioacLhL2luflh6HACSSDUZOwLHoxA5eku1UPuqcJqjwSD6luKjjLfiLOspxo43FUHKKSA==
  dependencies:
    "@react-spring/types" "~9.7.3"

"@react-spring/three@~9.7.3":
  version "9.7.3"
  resolved "https://registry.yarnpkg.com/@react-spring/three/-/three-9.7.3.tgz#4358a0c4640efe2972c4f7d0f7cd4efe927471c1"
  integrity sha512-Q1p512CqUlmMK8UMBF/Rj79qndhOWq4XUTayxMP9S892jiXzWQuj+xC3Xvm59DP/D4JXusXpxxqfgoH+hmOktA==
  dependencies:
    "@react-spring/animated" "~9.7.3"
    "@react-spring/core" "~9.7.3"
    "@react-spring/shared" "~9.7.3"
    "@react-spring/types" "~9.7.3"

"@react-spring/types@~9.7.3":
  version "9.7.3"
  resolved "https://registry.yarnpkg.com/@react-spring/types/-/types-9.7.3.tgz#ea78fd447cbc2612c1f5d55852e3c331e8172a0b"
  integrity sha512-Kpx/fQ/ZFX31OtlqVEFfgaD1ACzul4NksrvIgYfIFq9JpDHFwQkMVZ10tbo0FU/grje4rcL4EIrjekl3kYwgWw==

"@react-spring/web@~9.7.3":
  version "9.7.3"
  resolved "https://registry.yarnpkg.com/@react-spring/web/-/web-9.7.3.tgz#d9f4e17fec259f1d65495a19502ada4f5b57fa3d"
  integrity sha512-BXt6BpS9aJL/QdVqEIX9YoUy8CE6TJrU0mNCqSoxdXlIeNcEBWOfIyE6B14ENNsyQKS3wOWkiJfco0tCr/9tUg==
  dependencies:
    "@react-spring/animated" "~9.7.3"
    "@react-spring/core" "~9.7.3"
    "@react-spring/shared" "~9.7.3"
    "@react-spring/types" "~9.7.3"

"@react-spring/zdog@~9.7.3":
  version "9.7.3"
  resolved "https://registry.yarnpkg.com/@react-spring/zdog/-/zdog-9.7.3.tgz#8ccc7316f6d3460ed244d9e3f60de9b4c4a848ac"
  integrity sha512-L+yK/1PvNi9n8cldiJ309k4LdxcPkeWE0W18l1zrP1IBIyd5NB5EPA8DMsGr9gtNnnIujtEzZk+4JIOjT8u/tw==
  dependencies:
    "@react-spring/animated" "~9.7.3"
    "@react-spring/core" "~9.7.3"
    "@react-spring/shared" "~9.7.3"
    "@react-spring/types" "~9.7.3"

react-parallax@^3.5.1:
  version "3.5.1"
  resolved "https://registry.yarnpkg.com/react-parallax/-/react-parallax-3.5.1.tgz#73071679371b7738e21ffac8daa0bc3cb7e5174d"
  integrity sha512-p5zPsPsqELlIOGaPS01O0IRx8R2bxcBAtrdF/RHf9nIxxk5hijbM2y89tk4rJQBcNH6ESSLe7J2NV4/ms7FLFw==

react-spring@^9.7.3:
  version "9.7.3"
  resolved "https://registry.yarnpkg.com/react-spring/-/react-spring-9.7.3.tgz#3211dea4c4d7c5b541260af5100261b87becb5d5"
  integrity sha512-oTxDpFV5gzq7jQX6+bU0SVq+vX8VnuuT5c8Zwn6CpDErOPvCmV+DRkPiEBtaL3Ozgzwiy5yFx83N0h303j/r3A==
  dependencies:
    "@react-spring/core" "~9.7.3"
    "@react-spring/konva" "~9.7.3"
    "@react-spring/native" "~9.7.3"
    "@react-spring/three" "~9.7.3"
    "@react-spring/web" "~9.7.3"
    "@react-spring/zdog" "~9.7.3"
